# This file is automatically @generated by Cargo.
# It is not intended for manual editing.
version = 4

[[package]]
name = "ir-tf-idf"
version = "0.1.0"
dependencies = [
 "xml-rs",
]

[[package]]
name = "xml"
version = "1.2.1"
source = "registry+https://github.com/rust-lang/crates.io-index"
checksum = "b8aa498d22c9bbaf482329839bc5620c46be275a19a812e9a22a2b07529a642a"

[[package]]
name = "xml-rs"
version = "1.0.0"
source = "registry+https://github.com/rust-lang/crates.io-index"
checksum = "c3a56132a0d6ecbe77352edc10232f788fc4ceefefff4cab784a98e0e16b6b51"
dependencies = [
 "xml",
]
